
Microsoft Visual Studio Solution File, Format Version 12.00
# Visual Studio Version 17
VisualStudioVersion = 17.13.36105.23 d17.13
MinimumVisualStudioVersion = 10.0.40219.1
Project("{FAE04EC0-301F-11D3-BF4B-00C04F79EFBC}") = "MauiAppMinhasCompras", "MauiAppMinhasCompras.csproj", "{EBD3CEC2-3B58-4B5D-A0C0-AC8D2BB494DA}"
EndProject
Global
	GlobalSection(SolutionConfigurationPlatforms) = preSolution
		Debug|Any CPU = Debug|Any CPU
		Release|Any CPU = Release|Any CPU
	EndGlobalSection
	GlobalSection(ProjectConfigurationPlatforms) = postSolution
		{EBD3CEC2-3B58-4B5D-A0C0-AC8D2BB494DA}.Debug|Any CPU.ActiveCfg = Debug|Any CPU
		{EBD3CEC2-3B58-4B5D-A0C0-AC8D2BB494DA}.Debug|Any CPU.Build.0 = Debug|Any CPU
		{EBD3CEC2-3B58-4B5D-A0C0-AC8D2BB494DA}.Debug|Any CPU.Deploy.0 = Debug|Any CPU
		{EBD3CEC2-3B58-4B5D-A0C0-AC8D2BB494DA}.Release|Any CPU.ActiveCfg = Release|Any CPU
		{EBD3CEC2-3B58-4B5D-A0C0-AC8D2BB494DA}.Release|Any CPU.Build.0 = Release|Any CPU
		{EBD3CEC2-3B58-4B5D-A0C0-AC8D2BB494DA}.Release|Any CPU.Deploy.0 = Release|Any CPU
	EndGlobalSection
	GlobalSection(SolutionProperties) = preSolution
		HideSolutionNode = FALSE
	EndGlobalSection
	GlobalSection(ExtensibilityGlobals) = postSolution
		SolutionGuid = {B90814C1-6AC3-478C-8D28-D4EC92014223}
	EndGlobalSection
EndGlobal
